// !$*UTF8*$!
{
	archiveVersion = 1;
	classes = {
	};
	objectVersion = 50;
	objects = {

/* Begin PBXBuildFile section */
		B810B8C826C1EC28005D4335 /* Tracker.swift in Sources */ = {isa = PBXBuildFile; fileRef = B810B8C726C1EC28005D4335 /* Tracker.swift */; };
		B83F322226C19D3A00A56E26 /* App.swift in Sources */ = {isa = PBXBuildFile; fileRef = B83F322126C19D3A00A56E26 /* App.swift */; };
		B83F322426C19D3A00A56E26 /* ContentView.swift in Sources */ = {isa = PBXBuildFile; fileRef = B83F322326C19D3A00A56E26 /* ContentView.swift */; };
		B83F322626C19D3C00A56E26 /* Assets.xcassets in Resources */ = {isa = PBXBuildFile; fileRef = B83F322526C19D3C00A56E26 /* Assets.xcassets */; };
		B83F322926C19D3C00A56E26 /* Preview Assets.xcassets in Resources */ = {isa = PBXBuildFile; fileRef = B83F322826C19D3C00A56E26 /* Preview Assets.xcassets */; };
		B83F322B26C19D3C00A56E26 /* Persistence.swift in Sources */ = {isa = PBXBuildFile; fileRef = B83F322A26C19D3C00A56E26 /* Persistence.swift */; };
		B83F322E26C19D3C00A56E26 /* Permit_Tracker.xcdatamodeld in Sources */ = {isa = PBXBuildFile; fileRef = B83F322C26C19D3C00A56E26 /* Permit_Tracker.xcdatamodeld */; };
		B83F323926C19D3C00A56E26 /* Permit_TrackerTests.swift in Sources */ = {isa = PBXBuildFile; fileRef = B83F323826C19D3C00A56E26 /* Permit_TrackerTests.swift */; };
		B83F324426C19D3C00A56E26 /* Permit_TrackerUITests.swift in Sources */ = {isa = PBXBuildFile; fileRef = B83F324326C19D3C00A56E26 /* Permit_TrackerUITests.swift */; };
		B83F326326C1C7E800A56E26 /* Drive.swift in Sources */ = {isa = PBXBuildFile; fileRef = B83F326226C1C7E800A56E26 /* Drive.swift */; };
		B83F326826C1C83600A56E26 /* DriveDetails.swift in Sources */ = {isa = PBXBuildFile; fileRef = B83F326726C1C83600A56E26 /* DriveDetails.swift */; };
		B83F326D26C1CCE600A56E26 /* MapView.swift in Sources */ = {isa = PBXBuildFile; fileRef = B83F326C26C1CCE600A56E26 /* MapView.swift */; };
		B8612FC726C2EDC800C4513C /* MapKit.framework in Frameworks */ = {isa = PBXBuildFile; fileRef = B8612FC626C2EDC800C4513C /* MapKit.framework */; };
		B861302B26C3007200C4513C /* LocationViewModel.swift in Sources */ = {isa = PBXBuildFile; fileRef = B861302A26C3007200C4513C /* LocationViewModel.swift */; };
		B861303026C3016D00C4513C /* RequestLocationView.swift in Sources */ = {isa = PBXBuildFile; fileRef = B861302F26C3016D00C4513C /* RequestLocationView.swift */; };
/* End PBXBuildFile section */

/* Begin PBXContainerItemProxy section */
		B83F323526C19D3C00A56E26 /* PBXContainerItemProxy */ = {
			isa = PBXContainerItemProxy;
			containerPortal = B83F321626C19D3A00A56E26 /* Project object */;
			proxyType = 1;
			remoteGlobalIDString = B83F321D26C19D3A00A56E26;
			remoteInfo = "Permit Tracker";
		};
		B83F324026C19D3C00A56E26 /* PBXContainerItemProxy */ = {
			isa = PBXContainerItemProxy;
			containerPortal = B83F321626C19D3A00A56E26 /* Project object */;
			proxyType = 1;
			remoteGlobalIDString = B83F321D26C19D3A00A56E26;
			remoteInfo = "Permit Tracker";
		};
/* End PBXContainerItemProxy section */

/* Begin PBXFileReference section */
		B810B8C726C1EC28005D4335 /* Tracker.swift */ = {isa = PBXFileReference; lastKnownFileType = sourcecode.swift; path = Tracker.swift; sourceTree = "<group>"; };
		B83F321E26C19D3A00A56E26 /* Permit Tracker.app */ = {isa = PBXFileReference; explicitFileType = wrapper.application; includeInIndex = 0; path = "Permit Tracker.app"; sourceTree = BUILT_PRODUCTS_DIR; };
		B83F322126C19D3A00A56E26 /* App.swift */ = {isa = PBXFileReference; lastKnownFileType = sourcecode.swift; path = App.swift; sourceTree = "<group>"; };
		B83F322326C19D3A00A56E26 /* ContentView.swift */ = {isa = PBXFileReference; lastKnownFileType = sourcecode.swift; path = ContentView.swift; sourceTree = "<group>"; };
		B83F322526C19D3C00A56E26 /* Assets.xcassets */ = {isa = PBXFileReference; lastKnownFileType = folder.assetcatalog; path = Assets.xcassets; sourceTree = "<group>"; };
		B83F322826C19D3C00A56E26 /* Preview Assets.xcassets */ = {isa = PBXFileReference; lastKnownFileType = folder.assetcatalog; path = "Preview Assets.xcassets"; sourceTree = "<group>"; };
		B83F322A26C19D3C00A56E26 /* Persistence.swift */ = {isa = PBXFileReference; lastKnownFileType = sourcecode.swift; path = Persistence.swift; sourceTree = "<group>"; };
		B83F322D26C19D3C00A56E26 /* Permit_Tracker.xcdatamodel */ = {isa = PBXFileReference; lastKnownFileType = wrapper.xcdatamodel; path = Permit_Tracker.xcdatamodel; sourceTree = "<group>"; };
		B83F322F26C19D3C00A56E26 /* Info.plist */ = {isa = PBXFileReference; lastKnownFileType = text.plist.xml; path = Info.plist; sourceTree = "<group>"; };
		B83F323426C19D3C00A56E26 /* Permit TrackerTests.xctest */ = {isa = PBXFileReference; explicitFileType = wrapper.cfbundle; includeInIndex = 0; path = "Permit TrackerTests.xctest"; sourceTree = BUILT_PRODUCTS_DIR; };
		B83F323826C19D3C00A56E26 /* Permit_TrackerTests.swift */ = {isa = PBXFileReference; lastKnownFileType = sourcecode.swift; path = Permit_TrackerTests.swift; sourceTree = "<group>"; };
		B83F323A26C19D3C00A56E26 /* Info.plist */ = {isa = PBXFileReference; lastKnownFileType = text.plist.xml; path = Info.plist; sourceTree = "<group>"; };
		B83F323F26C19D3C00A56E26 /* Permit TrackerUITests.xctest */ = {isa = PBXFileReference; explicitFileType = wrapper.cfbundle; includeInIndex = 0; path = "Permit TrackerUITests.xctest"; sourceTree = BUILT_PRODUCTS_DIR; };
		B83F324326C19D3C00A56E26 /* Permit_TrackerUITests.swift */ = {isa = PBXFileReference; lastKnownFileType = sourcecode.swift; path = Permit_TrackerUITests.swift; sourceTree = "<group>"; };
		B83F324526C19D3C00A56E26 /* Info.plist */ = {isa = PBXFileReference; lastKnownFileType = text.plist.xml; path = Info.plist; sourceTree = "<group>"; };
		B83F326226C1C7E800A56E26 /* Drive.swift */ = {isa = PBXFileReference; lastKnownFileType = sourcecode.swift; path = Drive.swift; sourceTree = "<group>"; };
		B83F326726C1C83600A56E26 /* DriveDetails.swift */ = {isa = PBXFileReference; lastKnownFileType = sourcecode.swift; path = DriveDetails.swift; sourceTree = "<group>"; };
		B83F326C26C1CCE600A56E26 /* MapView.swift */ = {isa = PBXFileReference; lastKnownFileType = sourcecode.swift; path = MapView.swift; sourceTree = "<group>"; };
		B8612FC626C2EDC800C4513C /* MapKit.framework */ = {isa = PBXFileReference; lastKnownFileType = wrapper.framework; name = MapKit.framework; path = System/Library/Frameworks/MapKit.framework; sourceTree = SDKROOT; };
		B8612FCC26C2F0E400C4513C /* Permit Tracker.entitlements */ = {isa = PBXFileReference; lastKnownFileType = text.plist.entitlements; path = "Permit Tracker.entitlements"; sourceTree = "<group>"; };
		B861302A26C3007200C4513C /* LocationViewModel.swift */ = {isa = PBXFileReference; lastKnownFileType = sourcecode.swift; path = LocationViewModel.swift; sourceTree = "<group>"; };
		B861302F26C3016D00C4513C /* RequestLocationView.swift */ = {isa = PBXFileReference; lastKnownFileType = sourcecode.swift; path = RequestLocationView.swift; sourceTree = "<group>"; };
		B861303426C30B1900C4513C /* MapMyRoute (1).gpx */ = {isa = PBXFileReference; lastKnownFileType = text; name = "MapMyRoute (1).gpx"; path = "../../../../Downloads/MapMyRoute (1).gpx"; sourceTree = "<group>"; };
/* End PBXFileReference section */

/* Begin PBXFrameworksBuildPhase section */
		B83F321B26C19D3A00A56E26 /* Frameworks */ = {
			isa = PBXFrameworksBuildPhase;
			buildActionMask = 2147483647;
			files = (
				B8612FC726C2EDC800C4513C /* MapKit.framework in Frameworks */,
			);
			runOnlyForDeploymentPostprocessing = 0;
		};
		B83F323126C19D3C00A56E26 /* Frameworks */ = {
			isa = PBXFrameworksBuildPhase;
			buildActionMask = 2147483647;
			files = (
			);
			runOnlyForDeploymentPostprocessing = 0;
		};
		B83F323C26C19D3C00A56E26 /* Frameworks */ = {
			isa = PBXFrameworksBuildPhase;
			buildActionMask = 2147483647;
			files = (
			);
			runOnlyForDeploymentPostprocessing = 0;
		};
/* End PBXFrameworksBuildPhase section */

/* Begin PBXGroup section */
		B83F321526C19D3A00A56E26 = {
			isa = PBXGroup;
			children = (
				B861303426C30B1900C4513C /* MapMyRoute (1).gpx */,
				B83F322026C19D3A00A56E26 /* Permit Tracker */,
				B83F323726C19D3C00A56E26 /* Permit TrackerTests */,
				B83F324226C19D3C00A56E26 /* Permit TrackerUITests */,
				B83F321F26C19D3A00A56E26 /* Products */,
				B8612FC526C2EDC800C4513C /* Frameworks */,
			);
			sourceTree = "<group>";
		};
		B83F321F26C19D3A00A56E26 /* Products */ = {
			isa = PBXGroup;
			children = (
				B83F321E26C19D3A00A56E26 /* Permit Tracker.app */,
				B83F323426C19D3C00A56E26 /* Permit TrackerTests.xctest */,
				B83F323F26C19D3C00A56E26 /* Permit TrackerUITests.xctest */,
			);
			name = Products;
			sourceTree = "<group>";
		};
		B83F322026C19D3A00A56E26 /* Permit Tracker */ = {
			isa = PBXGroup;
			children = (
				B8612FCC26C2F0E400C4513C /* Permit Tracker.entitlements */,
				B83F322126C19D3A00A56E26 /* App.swift */,
				B861302A26C3007200C4513C /* LocationViewModel.swift */,
				B83F322326C19D3A00A56E26 /* ContentView.swift */,
				B861302F26C3016D00C4513C /* RequestLocationView.swift */,
				B83F322526C19D3C00A56E26 /* Assets.xcassets */,
				B83F326226C1C7E800A56E26 /* Drive.swift */,
				B83F326C26C1CCE600A56E26 /* MapView.swift */,
				B83F326726C1C83600A56E26 /* DriveDetails.swift */,
				B810B8C726C1EC28005D4335 /* Tracker.swift */,
				B83F322A26C19D3C00A56E26 /* Persistence.swift */,
				B83F322F26C19D3C00A56E26 /* Info.plist */,
				B83F322C26C19D3C00A56E26 /* Permit_Tracker.xcdatamodeld */,
				B83F322726C19D3C00A56E26 /* Preview Content */,
			);
			path = "Permit Tracker";
			sourceTree = "<group>";
		};
		B83F322726C19D3C00A56E26 /* Preview Content */ = {
			isa = PBXGroup;
			children = (
				B83F322826C19D3C00A56E26 /* Preview Assets.xcassets */,
			);
			path = "Preview Content";
			sourceTree = "<group>";
		};
		B83F323726C19D3C00A56E26 /* Permit TrackerTests */ = {
			isa = PBXGroup;
			children = (
				B83F323826C19D3C00A56E26 /* Permit_TrackerTests.swift */,
				B83F323A26C19D3C00A56E26 /* Info.plist */,
			);
			path = "Permit TrackerTests";
			sourceTree = "<group>";
		};
		B83F324226C19D3C00A56E26 /* Permit TrackerUITests */ = {
			isa = PBXGroup;
			children = (
				B83F324326C19D3C00A56E26 /* Permit_TrackerUITests.swift */,
				B83F324526C19D3C00A56E26 /* Info.plist */,
			);
			path = "Permit TrackerUITests";
			sourceTree = "<group>";
		};
		B8612FC526C2EDC800C4513C /* Frameworks */ = {
			isa = PBXGroup;
			children = (
				B8612FC626C2EDC800C4513C /* MapKit.framework */,
			);
			name = Frameworks;
			sourceTree = "<group>";
		};
/* End PBXGroup section */

/* Begin PBXNativeTarget section */
		B83F321D26C19D3A00A56E26 /* Permit Tracker */ = {
			isa = PBXNativeTarget;
			buildConfigurationList = B83F324826C19D3C00A56E26 /* Build configuration list for PBXNativeTarget "Permit Tracker" */;
			buildPhases = (
				B83F321A26C19D3A00A56E26 /* Sources */,
				B83F321B26C19D3A00A56E26 /* Frameworks */,
				B83F321C26C19D3A00A56E26 /* Resources */,
			);
			buildRules = (
			);
			dependencies = (
			);
			name = "Permit Tracker";
			productName = "Permit Tracker";
			productReference = B83F321E26C19D3A00A56E26 /* Permit Tracker.app */;
			productType = "com.apple.product-type.application";
		};
		B83F323326C19D3C00A56E26 /* Permit TrackerTests */ = {
			isa = PBXNativeTarget;
			buildConfigurationList = B83F324B26C19D3C00A56E26 /* Build configuration list for PBXNativeTarget "Permit TrackerTests" */;
			buildPhases = (
				B83F323026C19D3C00A56E26 /* Sources */,
				B83F323126C19D3C00A56E26 /* Frameworks */,
				B83F323226C19D3C00A56E26 /* Resources */,
			);
			buildRules = (
			);
			dependencies = (
				B83F323626C19D3C00A56E26 /* PBXTargetDependency */,
			);
			name = "Permit TrackerTests";
			productName = "Permit TrackerTests";
			productReference = B83F323426C19D3C00A56E26 /* Permit TrackerTests.xctest */;
			productType = "com.apple.product-type.bundle.unit-test";
		};
		B83F323E26C19D3C00A56E26 /* Permit TrackerUITests */ = {
			isa = PBXNativeTarget;
			buildConfigurationList = B83F324E26C19D3C00A56E26 /* Build configuration list for PBXNativeTarget "Permit TrackerUITests" */;
			buildPhases = (
				B83F323B26C19D3C00A56E26 /* Sources */,
				B83F323C26C19D3C00A56E26 /* Frameworks */,
				B83F323D26C19D3C00A56E26 /* Resources */,
			);
			buildRules = (
			);
			dependencies = (
				B83F324126C19D3C00A56E26 /* PBXTargetDependency */,
			);
			name = "Permit TrackerUITests";
			productName = "Permit TrackerUITests";
			productReference = B83F323F26C19D3C00A56E26 /* Permit TrackerUITests.xctest */;
			productType = "com.apple.product-type.bundle.ui-testing";
		};
/* End PBXNativeTarget section */

/* Begin PBXProject section */
		B83F321626C19D3A00A56E26 /* Project object */ = {
			isa = PBXProject;
			attributes = {
				LastSwiftUpdateCheck = 1240;
				LastUpgradeCheck = 1240;
				TargetAttributes = {
					B83F321D26C19D3A00A56E26 = {
						CreatedOnToolsVersion = 12.4;
					};
					B83F323326C19D3C00A56E26 = {
						CreatedOnToolsVersion = 12.4;
						TestTargetID = B83F321D26C19D3A00A56E26;
					};
					B83F323E26C19D3C00A56E26 = {
						CreatedOnToolsVersion = 12.4;
						TestTargetID = B83F321D26C19D3A00A56E26;
					};
				};
			};
			buildConfigurationList = B83F321926C19D3A00A56E26 /* Build configuration list for PBXProject "Permit Tracker" */;
			compatibilityVersion = "Xcode 9.3";
			developmentRegion = en;
			hasScannedForEncodings = 0;
			knownRegions = (
				en,
				Base,
			);
			mainGroup = B83F321526C19D3A00A56E26;
			productRefGroup = B83F321F26C19D3A00A56E26 /* Products */;
			projectDirPath = "";
			projectRoot = "";
			targets = (
				B83F321D26C19D3A00A56E26 /* Permit Tracker */,
				B83F323326C19D3C00A56E26 /* Permit TrackerTests */,
				B83F323E26C19D3C00A56E26 /* Permit TrackerUITests */,
			);
		};
/* End PBXProject section */

/* Begin PBXResourcesBuildPhase section */
		B83F321C26C19D3A00A56E26 /* Resources */ = {
			isa = PBXResourcesBuildPhase;
			buildActionMask = 2147483647;
			files = (
				B83F322926C19D3C00A56E26 /* Preview Assets.xcassets in Resources */,
				B83F322626C19D3C00A56E26 /* Assets.xcassets in Resources */,
			);
			runOnlyForDeploymentPostprocessing = 0;
		};
		B83F323226C19D3C00A56E26 /* Resources */ = {
			isa = PBXResourcesBuildPhase;
			buildActionMask = 2147483647;
			files = (
			);
			runOnlyForDeploymentPostprocessing = 0;
		};
		B83F323D26C19D3C00A56E26 /* Resources */ = {
			isa = PBXResourcesBuildPhase;
			buildActionMask = 2147483647;
			files = (
			);
			runOnlyForDeploymentPostprocessing = 0;
		};
/* End PBXResourcesBuildPhase section */

/* Begin PBXSourcesBuildPhase section */
		B83F321A26C19D3A00A56E26 /* Sources */ = {
			isa = PBXSourcesBuildPhase;
			buildActionMask = 2147483647;
			files = (
				B83F326D26C1CCE600A56E26 /* MapView.swift in Sources */,
				B861303026C3016D00C4513C /* RequestLocationView.swift in Sources */,
				B83F322B26C19D3C00A56E26 /* Persistence.swift in Sources */,
				B83F326326C1C7E800A56E26 /* Drive.swift in Sources */,
				B83F322426C19D3A00A56E26 /* ContentView.swift in Sources */,
				B810B8C826C1EC28005D4335 /* Tracker.swift in Sources */,
				B83F326826C1C83600A56E26 /* DriveDetails.swift in Sources */,
				B83F322226C19D3A00A56E26 /* App.swift in Sources */,
				B861302B26C3007200C4513C /* LocationViewModel.swift in Sources */,
				B83F322E26C19D3C00A56E26 /* Permit_Tracker.xcdatamodeld in Sources */,
			);
			runOnlyForDeploymentPostprocessing = 0;
		};
		B83F323026C19D3C00A56E26 /* Sources */ = {
			isa = PBXSourcesBuildPhase;
			buildActionMask = 2147483647;
			files = (
				B83F323926C19D3C00A56E26 /* Permit_TrackerTests.swift in Sources */,
			);
			runOnlyForDeploymentPostprocessing = 0;
		};
		B83F323B26C19D3C00A56E26 /* Sources */ = {
			isa = PBXSourcesBuildPhase;
			buildActionMask = 2147483647;
			files = (
				B83F324426C19D3C00A56E26 /* Permit_TrackerUITests.swift in Sources */,
			);
			runOnlyForDeploymentPostprocessing = 0;
		};
/* End PBXSourcesBuildPhase section */

/* Begin PBXTargetDependency section */
		B83F323626C19D3C00A56E26 /* PBXTargetDependency */ = {
			isa = PBXTargetDependency;
			target = B83F321D26C19D3A00A56E26 /* Permit Tracker */;
			targetProxy = B83F323526C19D3C00A56E26 /* PBXContainerItemProxy */;
		};
		B83F324126C19D3C00A56E26 /* PBXTargetDependency */ = {
			isa = PBXTargetDependency;
			target = B83F321D26C19D3A00A56E26 /* Permit Tracker */;
			targetProxy = B83F324026C19D3C00A56E26 /* PBXContainerItemProxy */;
		};
/* End PBXTargetDependency section */

/* Begin XCBuildConfiguration section */
		B83F324626C19D3C00A56E26 /* Debug */ = {
			isa = XCBuildConfiguration;
			buildSettings = {
				ALWAYS_SEARCH_USER_PATHS = NO;
				CLANG_ANALYZER_NONNULL = YES;
				CLANG_ANALYZER_NUMBER_OBJECT_CONVERSION = YES_AGGRESSIVE;
				CLANG_CXX_LANGUAGE_STANDARD = "gnu++14";
				CLANG_CXX_LIBRARY = "libc++";
				CLANG_ENABLE_MODULES = YES;
				CLANG_ENABLE_OBJC_ARC = YES;
				CLANG_ENABLE_OBJC_WEAK = YES;
				CLANG_WARN_BLOCK_CAPTURE_AUTORELEASING = YES;
				CLANG_WARN_BOOL_CONVERSION = YES;
				CLANG_WARN_COMMA = YES;
				CLANG_WARN_CONSTANT_CONVERSION = YES;
				CLANG_WARN_DEPRECATED_OBJC_IMPLEMENTATIONS = YES;
				CLANG_WARN_DIRECT_OBJC_ISA_USAGE = YES_ERROR;
				CLANG_WARN_DOCUMENTATION_COMMENTS = YES;
				CLANG_WARN_EMPTY_BODY = YES;
				CLANG_WARN_ENUM_CONVERSION = YES;
				CLANG_WARN_INFINITE_RECURSION = YES;
				CLANG_WARN_INT_CONVERSION = YES;
				CLANG_WARN_NON_LITERAL_NULL_CONVERSION = YES;
				CLANG_WARN_OBJC_IMPLICIT_RETAIN_SELF = YES;
				CLANG_WARN_OBJC_LITERAL_CONVERSION = YES;
				CLANG_WARN_OBJC_ROOT_CLASS = YES_ERROR;
				CLANG_WARN_QUOTED_INCLUDE_IN_FRAMEWORK_HEADER = YES;
				CLANG_WARN_RANGE_LOOP_ANALYSIS = YES;
				CLANG_WARN_STRICT_PROTOTYPES = YES;
				CLANG_WARN_SUSPICIOUS_MOVE = YES;
				CLANG_WARN_UNGUARDED_AVAILABILITY = YES_AGGRESSIVE;
				CLANG_WARN_UNREACHABLE_CODE = YES;
				CLANG_WARN__DUPLICATE_METHOD_MATCH = YES;
				COPY_PHASE_STRIP = NO;
				DEBUG_INFORMATION_FORMAT = dwarf;
				ENABLE_STRICT_OBJC_MSGSEND = YES;
				ENABLE_TESTABILITY = YES;
				GCC_C_LANGUAGE_STANDARD = gnu11;
				GCC_DYNAMIC_NO_PIC = NO;
				GCC_NO_COMMON_BLOCKS = YES;
				GCC_OPTIMIZATION_LEVEL = 0;
				GCC_PREPROCESSOR_DEFINITIONS = (
					"DEBUG=1",
					"$(inherited)",
				);
				GCC_WARN_64_TO_32_BIT_CONVERSION = YES;
				GCC_WARN_ABOUT_RETURN_TYPE = YES_ERROR;
				GCC_WARN_UNDECLARED_SELECTOR = YES;
				GCC_WARN_UNINITIALIZED_AUTOS = YES_AGGRESSIVE;
				GCC_WARN_UNUSED_FUNCTION = YES;
				GCC_WARN_UNUSED_VARIABLE = YES;
				IPHONEOS_DEPLOYMENT_TARGET = 14.4;
				MTL_ENABLE_DEBUG_INFO = INCLUDE_SOURCE;
				MTL_FAST_MATH = YES;
				ONLY_ACTIVE_ARCH = YES;
				SDKROOT = iphoneos;
				SWIFT_ACTIVE_COMPILATION_CONDITIONS = DEBUG;
				SWIFT_OPTIMIZATION_LEVEL = "-Onone";
			};
			name = Debug;
		};
		B83F324726C19D3C00A56E26 /* Release */ = {
			isa = XCBuildConfiguration;
			buildSettings = {
				ALWAYS_SEARCH_USER_PATHS = NO;
				CLANG_ANALYZER_NONNULL = YES;
				CLANG_ANALYZER_NUMBER_OBJECT_CONVERSION = YES_AGGRESSIVE;
				CLANG_CXX_LANGUAGE_STANDARD = "gnu++14";
				CLANG_CXX_LIBRARY = "libc++";
				CLANG_ENABLE_MODULES = YES;
				CLANG_ENABLE_OBJC_ARC = YES;
				CLANG_ENABLE_OBJC_WEAK = YES;
				CLANG_WARN_BLOCK_CAPTURE_AUTORELEASING = YES;
				CLANG_WARN_BOOL_CONVERSION = YES;
				CLANG_WARN_COMMA = YES;
				CLANG_WARN_CONSTANT_CONVERSION = YES;
				CLANG_WARN_DEPRECATED_OBJC_IMPLEMENTATIONS = YES;
				CLANG_WARN_DIRECT_OBJC_ISA_USAGE = YES_ERROR;
				CLANG_WARN_DOCUMENTATION_COMMENTS = YES;
				CLANG_WARN_EMPTY_BODY = YES;
				CLANG_WARN_ENUM_CONVERSION = YES;
				CLANG_WARN_INFINITE_RECURSION = YES;
				CLANG_WARN_INT_CONVERSION = YES;
				CLANG_WARN_NON_LITERAL_NULL_CONVERSION = YES;
				CLANG_WARN_OBJC_IMPLICIT_RETAIN_SELF = YES;
				CLANG_WARN_OBJC_LITERAL_CONVERSION = YES;
				CLANG_WARN_OBJC_ROOT_CLASS = YES_ERROR;
				CLANG_WARN_QUOTED_INCLUDE_IN_FRAMEWORK_HEADER = YES;
				CLANG_WARN_RANGE_LOOP_ANALYSIS = YES;
				CLANG_WARN_STRICT_PROTOTYPES = YES;
				CLANG_WARN_SUSPICIOUS_MOVE = YES;
				CLANG_WARN_UNGUARDED_AVAILABILITY = YES_AGGRESSIVE;
				CLANG_WARN_UNREACHABLE_CODE = YES;
				CLANG_WARN__DUPLICATE_METHOD_MATCH = YES;
				COPY_PHASE_STRIP = NO;
				DEBUG_INFORMATION_FORMAT = "dwarf-with-dsym";
				ENABLE_NS_ASSERTIONS = NO;
				ENABLE_STRICT_OBJC_MSGSEND = YES;
				GCC_C_LANGUAGE_STANDARD = gnu11;
				GCC_NO_COMMON_BLOCKS = YES;
				GCC_WARN_64_TO_32_BIT_CONVERSION = YES;
				GCC_WARN_ABOUT_RETURN_TYPE = YES_ERROR;
				GCC_WARN_UNDECLARED_SELECTOR = YES;
				GCC_WARN_UNINITIALIZED_AUTOS = YES_AGGRESSIVE;
				GCC_WARN_UNUSED_FUNCTION = YES;
				GCC_WARN_UNUSED_VARIABLE = YES;
				IPHONEOS_DEPLOYMENT_TARGET = 14.4;
				MTL_ENABLE_DEBUG_INFO = NO;
				MTL_FAST_MATH = YES;
				SDKROOT = iphoneos;
				SWIFT_COMPILATION_MODE = wholemodule;
				SWIFT_OPTIMIZATION_LEVEL = "-O";
				VALIDATE_PRODUCT = YES;
			};
			name = Release;
		};
		B83F324926C19D3C00A56E26 /* Debug */ = {
			isa = XCBuildConfiguration;
			buildSettings = {
				ASSETCATALOG_COMPILER_APPICON_NAME = AppIcon;
				ASSETCATALOG_COMPILER_GLOBAL_ACCENT_COLOR_NAME = AccentColor;
				CODE_SIGN_ENTITLEMENTS = "Permit Tracker/Permit Tracker.entitlements";
				CODE_SIGN_STYLE = Automatic;
				DEVELOPMENT_ASSET_PATHS = "\"Permit Tracker/Preview Content\"";
				DEVELOPMENT_TEAM = 8LM4R9G4S4;
				ENABLE_PREVIEWS = YES;
				INFOPLIST_FILE = "Permit Tracker/Info.plist";
				IPHONEOS_DEPLOYMENT_TARGET = 14.0;
				LD_RUNPATH_SEARCH_PATHS = (
					"$(inherited)",
					"@executable_path/Frameworks",
				);
				PRODUCT_BUNDLE_IDENTIFIER = "com.everettwilber.Permit-Tracker";
				PRODUCT_NAME = "$(TARGET_NAME)";
				SWIFT_VERSION = 5.0;
				TARGETED_DEVICE_FAMILY = "1,2";
			};
			name = Debug;
		};
		B83F324A26C19D3C00A56E26 /* Release */ = {
			isa = XCBuildConfiguration;
			buildSettings = {
				ASSETCATALOG_COMPILER_APPICON_NAME = AppIcon;
				ASSETCATALOG_COMPILER_GLOBAL_ACCENT_COLOR_NAME = AccentColor;
				CODE_SIGN_ENTITLEMENTS = "Permit Tracker/Permit Tracker.entitlements";
				CODE_SIGN_STYLE = Automatic;
				DEVELOPMENT_ASSET_PATHS = "\"Permit Tracker/Preview Content\"";
				DEVELOPMENT_TEAM = 8LM4R9G4S4;
				ENABLE_PREVIEWS = YES;
				INFOPLIST_FILE = "Permit Tracker/Info.plist";
				IPHONEOS_DEPLOYMENT_TARGET = 14.0;
				LD_RUNPATH_SEARCH_PATHS = (
					"$(inherited)",
					"@executable_path/Frameworks",
				);
				PRODUCT_BUNDLE_IDENTIFIER = "com.everettwilber.Permit-Tracker";
				PRODUCT_NAME = "$(TARGET_NAME)";
				SWIFT_VERSION = 5.0;
				TARGETED_DEVICE_FAMILY = "1,2";
			};
			name = Release;
		};
		B83F324C26C19D3C00A56E26 /* Debug */ = {
			isa = XCBuildConfiguration;
			buildSettings = {
				ALWAYS_EMBED_SWIFT_STANDARD_LIBRARIES = YES;
				BUNDLE_LOADER = "$(TEST_HOST)";
				CODE_SIGN_STYLE = Automatic;
				DEVELOPMENT_TEAM = 8LM4R9G4S4;
				INFOPLIST_FILE = "Permit TrackerTests/Info.plist";
				IPHONEOS_DEPLOYMENT_TARGET = 14.0;
				LD_RUNPATH_SEARCH_PATHS = (
					"$(inherited)",
					"@executable_path/Frameworks",
					"@loader_path/Frameworks",
				);
				PRODUCT_BUNDLE_IDENTIFIER = "com.everettwilber.Permit-TrackerTests";
				PRODUCT_NAME = "$(TARGET_NAME)";
				SWIFT_VERSION = 5.0;
				TARGETED_DEVICE_FAMILY = "1,2";
				TEST_HOST = "$(BUILT_PRODUCTS_DIR)/Permit Tracker.app/Permit Tracker";
			};
			name = Debug;
		};
		B83F324D26C19D3C00A56E26 /* Release */ = {
			isa = XCBuildConfiguration;
			buildSettings = {
				ALWAYS_EMBED_SWIFT_STANDARD_LIBRARIES = YES;
				BUNDLE_LOADER = "$(TEST_HOST)";
				CODE_SIGN_STYLE = Automatic;
				DEVELOPMENT_TEAM = 8LM4R9G4S4;
				INFOPLIST_FILE = "Permit TrackerTests/Info.plist";
				IPHONEOS_DEPLOYMENT_TARGET = 14.0;
				LD_RUNPATH_SEARCH_PATHS = (
					"$(inherited)",
					"@executable_path/Frameworks",
					"@loader_path/Frameworks",
				);
				PRODUCT_BUNDLE_IDENTIFIER = "com.everettwilber.Permit-TrackerTests";
				PRODUCT_NAME = "$(TARGET_NAME)";
				SWIFT_VERSION = 5.0;
				TARGETED_DEVICE_FAMILY = "1,2";
				TEST_HOST = "$(BUILT_PRODUCTS_DIR)/Permit Tracker.app/Permit Tracker";
			};
			name = Release;
		};
		B83F324F26C19D3C00A56E26 /* Debug */ = {
			isa = XCBuildConfiguration;
			buildSettings = {
				ALWAYS_EMBED_SWIFT_STANDARD_LIBRARIES = YES;
				CODE_SIGN_STYLE = Automatic;
				DEVELOPMENT_TEAM = 8LM4R9G4S4;
				INFOPLIST_FILE = "Permit TrackerUITests/Info.plist";
				LD_RUNPATH_SEARCH_PATHS = (
					"$(inherited)",
					"@executable_path/Frameworks",
					"@loader_path/Frameworks",
				);
				PRODUCT_BUNDLE_IDENTIFIER = "com.everettwilber.Permit-TrackerUITests";
				PRODUCT_NAME = "$(TARGET_NAME)";
				SWIFT_VERSION = 5.0;
				TARGETED_DEVICE_FAMILY = "1,2";
				TEST_TARGET_NAME = "Permit Tracker";
			};
			name = Debug;
		};
		B83F325026C19D3C00A56E26 /* Release */ = {
			isa = XCBuildConfiguration;
			buildSettings = {
				ALWAYS_EMBED_SWIFT_STANDARD_LIBRARIES = YES;
				CODE_SIGN_STYLE = Automatic;
				DEVELOPMENT_TEAM = 8LM4R9G4S4;
				INFOPLIST_FILE = "Permit TrackerUITests/Info.plist";
				LD_RUNPATH_SEARCH_PATHS = (
					"$(inherited)",
					"@executable_path/Frameworks",
					"@loader_path/Frameworks",
				);
				PRODUCT_BUNDLE_IDENTIFIER = "com.everettwilber.Permit-TrackerUITests";
				PRODUCT_NAME = "$(TARGET_NAME)";
				SWIFT_VERSION = 5.0;
				TARGETED_DEVICE_FAMILY = "1,2";
				TEST_TARGET_NAME = "Permit Tracker";
			};
			name = Release;
		};
/* End XCBuildConfiguration section */

/* Begin XCConfigurationList section */
		B83F321926C19D3A00A56E26 /* Build configuration list for PBXProject "Permit Tracker" */ = {
			isa = XCConfigurationList;
			buildConfigurations = (
				B83F324626C19D3C00A56E26 /* Debug */,
				B83F324726C19D3C00A56E26 /* Release */,
			);
			defaultConfigurationIsVisible = 0;
			defaultConfigurationName = Release;
		};
		B83F324826C19D3C00A56E26 /* Build configuration list for PBXNativeTarget "Permit Tracker" */ = {
			isa = XCConfigurationList;
			buildConfigurations = (
				B83F324926C19D3C00A56E26 /* Debug */,
				B83F324A26C19D3C00A56E26 /* Release */,
			);
			defaultConfigurationIsVisible = 0;
			defaultConfigurationName = Release;
		};
		B83F324B26C19D3C00A56E26 /* Build configuration list for PBXNativeTarget "Permit TrackerTests" */ = {
			isa = XCConfigurationList;
			buildConfigurations = (
				B83F324C26C19D3C00A56E26 /* Debug */,
				B83F324D26C19D3C00A56E26 /* Release */,
			);
			defaultConfigurationIsVisible = 0;
			defaultConfigurationName = Release;
		};
		B83F324E26C19D3C00A56E26 /* Build configuration list for PBXNativeTarget "Permit TrackerUITests" */ = {
			isa = XCConfigurationList;
			buildConfigurations = (
				B83F324F26C19D3C00A56E26 /* Debug */,
				B83F325026C19D3C00A56E26 /* Release */,
			);
			defaultConfigurationIsVisible = 0;
			defaultConfigurationName = Release;
		};
/* End XCConfigurationList section */

/* Begin XCVersionGroup section */
		B83F322C26C19D3C00A56E26 /* Permit_Tracker.xcdatamodeld */ = {
			isa = XCVersionGroup;
			children = (
				B83F322D26C19D3C00A56E26 /* Permit_Tracker.xcdatamodel */,
			);
			currentVersion = B83F322D26C19D3C00A56E26 /* Permit_Tracker.xcdatamodel */;
			path = Permit_Tracker.xcdatamodeld;
			sourceTree = "<group>";
			versionGroupType = wrapper.xcdatamodel;
		};
/* End XCVersionGroup section */
	};
	rootObject = B83F321626C19D3A00A56E26 /* Project object */;
}
